
Microsoft Visual Studio Solution File, Format Version 12.00
# Visual Studio Version 16
VisualStudioVersion = 16.6.30114.105
MinimumVisualStudioVersion = 10.0.40219.1
Project("{FAE04EC0-301F-11D3-BF4B-00C04F79EFBC}") = "AppPackage", "AppPackage\AppPackage.csproj", "{46A2DA05-E11D-4193-A89A-D453943B4D59}"
EndProject
Project("{FAE04EC0-301F-11D3-BF4B-00C04F79EFBC}") = "AutoPool", "AutoPool\AutoPool.csproj", "{9288FCE9-DCE4-401A-AEFB-F43C126D6EE5}"
EndProject
Project("{FAE04EC0-301F-11D3-BF4B-00C04F79EFBC}") = "ListNodeAgentSkus", "ListNodeAgentSkus\ListNodeAgentSkus.csproj", "{47637916-6A7C-4255-8A5C-5F7A52138D9D}"
EndProject
Project("{FAE04EC0-301F-11D3-BF4B-00C04F79EFBC}") = "JobManagerTask", "JobManagerTask\JobManagerTask.csproj", "{DE4CEB36-482B-4835-840A-A583C2A6F27A}"
EndProject
Project("{FAE04EC0-301F-11D3-BF4B-00C04F79EFBC}") = "ContainerSample", "Container\ContainerSample.csproj", "{4B2733B4-3845-4097-9C5C-623E9792F626}"
EndProject
Project("{FAE04EC0-301F-11D3-BF4B-00C04F79EFBC}") = "JobPreparationAndReleaseTasks", "JobPreparationAndReleaseTasks\JobPreparationAndReleaseTasks.csproj", "{C17B8594-4977-4524-BDA2-CED54C43A112}"
EndProject
Project("{FAE04EC0-301F-11D3-BF4B-00C04F79EFBC}") = "Common", "Common\Common.csproj", "{ABBD3FA4-01BE-4CAC-86C0-B0120B80B59C}"
EndProject
Project("{FAE04EC0-301F-11D3-BF4B-00C04F79EFBC}") = "AutoScalePool", "AutoScalePool\AutoScalePool.csproj", "{C8A3A256-0439-445B-B039-D0C1BDCA64C5}"
EndProject
Project("{FAE04EC0-301F-11D3-BF4B-00C04F79EFBC}") = "JobStress", "JobStress\JobStress.csproj", "{ED086F54-5E68-42E8-B837-6BE92C28184B}"
EndProject
Project("{FAE04EC0-301F-11D3-BF4B-00C04F79EFBC}") = "JobDelete", "JobDelete\JobDelete.csproj", "{39F8F414-5D56-4F90-A51B-E4AAE2E04FCC}"
EndProject
Global
	GlobalSection(SolutionConfigurationPlatforms) = preSolution
		Debug|Any CPU = Debug|Any CPU
		Debug|x64 = Debug|x64
		Debug|x86 = Debug|x86
		Release|Any CPU = Release|Any CPU
		Release|x64 = Release|x64
		Release|x86 = Release|x86
	EndGlobalSection
	GlobalSection(SolutionProperties) = preSolution
		HideSolutionNode = FALSE
	EndGlobalSection
	GlobalSection(ProjectConfigurationPlatforms) = postSolution
		{46A2DA05-E11D-4193-A89A-D453943B4D59}.Debug|Any CPU.ActiveCfg = Debug|Any CPU
		{46A2DA05-E11D-4193-A89A-D453943B4D59}.Debug|Any CPU.Build.0 = Debug|Any CPU
		{46A2DA05-E11D-4193-A89A-D453943B4D59}.Debug|x64.ActiveCfg = Debug|Any CPU
		{46A2DA05-E11D-4193-A89A-D453943B4D59}.Debug|x64.Build.0 = Debug|Any CPU
		{46A2DA05-E11D-4193-A89A-D453943B4D59}.Debug|x86.ActiveCfg = Debug|Any CPU
		{46A2DA05-E11D-4193-A89A-D453943B4D59}.Debug|x86.Build.0 = Debug|Any CPU
		{46A2DA05-E11D-4193-A89A-D453943B4D59}.Release|Any CPU.ActiveCfg = Release|Any CPU
		{46A2DA05-E11D-4193-A89A-D453943B4D59}.Release|Any CPU.Build.0 = Release|Any CPU
		{46A2DA05-E11D-4193-A89A-D453943B4D59}.Release|x64.ActiveCfg = Release|Any CPU
		{46A2DA05-E11D-4193-A89A-D453943B4D59}.Release|x64.Build.0 = Release|Any CPU
		{46A2DA05-E11D-4193-A89A-D453943B4D59}.Release|x86.ActiveCfg = Release|Any CPU
		{46A2DA05-E11D-4193-A89A-D453943B4D59}.Release|x86.Build.0 = Release|Any CPU
		{9288FCE9-DCE4-401A-AEFB-F43C126D6EE5}.Debug|Any CPU.ActiveCfg = Debug|Any CPU
		{9288FCE9-DCE4-401A-AEFB-F43C126D6EE5}.Debug|Any CPU.Build.0 = Debug|Any CPU
		{9288FCE9-DCE4-401A-AEFB-F43C126D6EE5}.Debug|x64.ActiveCfg = Debug|Any CPU
		{9288FCE9-DCE4-401A-AEFB-F43C126D6EE5}.Debug|x64.Build.0 = Debug|Any CPU
		{9288FCE9-DCE4-401A-AEFB-F43C126D6EE5}.Debug|x86.ActiveCfg = Debug|Any CPU
		{9288FCE9-DCE4-401A-AEFB-F43C126D6EE5}.Debug|x86.Build.0 = Debug|Any CPU
		{9288FCE9-DCE4-401A-AEFB-F43C126D6EE5}.Release|Any CPU.ActiveCfg = Release|Any CPU
		{9288FCE9-DCE4-401A-AEFB-F43C126D6EE5}.Release|Any CPU.Build.0 = Release|Any CPU
		{9288FCE9-DCE4-401A-AEFB-F43C126D6EE5}.Release|x64.ActiveCfg = Release|Any CPU
		{9288FCE9-DCE4-401A-AEFB-F43C126D6EE5}.Release|x64.Build.0 = Release|Any CPU
		{9288FCE9-DCE4-401A-AEFB-F43C126D6EE5}.Release|x86.ActiveCfg = Release|Any CPU
		{9288FCE9-DCE4-401A-AEFB-F43C126D6EE5}.Release|x86.Build.0 = Release|Any CPU
		{47637916-6A7C-4255-8A5C-5F7A52138D9D}.Debug|Any CPU.ActiveCfg = Debug|Any CPU
		{47637916-6A7C-4255-8A5C-5F7A52138D9D}.Debug|Any CPU.Build.0 = Debug|Any CPU
		{47637916-6A7C-4255-8A5C-5F7A52138D9D}.Debug|x64.ActiveCfg = Debug|Any CPU
		{47637916-6A7C-4255-8A5C-5F7A52138D9D}.Debug|x64.Build.0 = Debug|Any CPU
		{47637916-6A7C-4255-8A5C-5F7A52138D9D}.Debug|x86.ActiveCfg = Debug|Any CPU
		{47637916-6A7C-4255-8A5C-5F7A52138D9D}.Debug|x86.Build.0 = Debug|Any CPU
		{47637916-6A7C-4255-8A5C-5F7A52138D9D}.Release|Any CPU.ActiveCfg = Release|Any CPU
		{47637916-6A7C-4255-8A5C-5F7A52138D9D}.Release|Any CPU.Build.0 = Release|Any CPU
		{47637916-6A7C-4255-8A5C-5F7A52138D9D}.Release|x64.ActiveCfg = Release|Any CPU
		{47637916-6A7C-4255-8A5C-5F7A52138D9D}.Release|x64.Build.0 = Release|Any CPU
		{47637916-6A7C-4255-8A5C-5F7A52138D9D}.Release|x86.ActiveCfg = Release|Any CPU
		{47637916-6A7C-4255-8A5C-5F7A52138D9D}.Release|x86.Build.0 = Release|Any CPU
		{DE4CEB36-482B-4835-840A-A583C2A6F27A}.Debug|Any CPU.ActiveCfg = Debug|Any CPU
		{DE4CEB36-482B-4835-840A-A583C2A6F27A}.Debug|Any CPU.Build.0 = Debug|Any CPU
		{DE4CEB36-482B-4835-840A-A583C2A6F27A}.Debug|x64.ActiveCfg = Debug|Any CPU
		{DE4CEB36-482B-4835-840A-A583C2A6F27A}.Debug|x64.Build.0 = Debug|Any CPU
		{DE4CEB36-482B-4835-840A-A583C2A6F27A}.Debug|x86.ActiveCfg = Debug|Any CPU
		{DE4CEB36-482B-4835-840A-A583C2A6F27A}.Debug|x86.Build.0 = Debug|Any CPU
		{DE4CEB36-482B-4835-840A-A583C2A6F27A}.Release|Any CPU.ActiveCfg = Release|Any CPU
		{DE4CEB36-482B-4835-840A-A583C2A6F27A}.Release|Any CPU.Build.0 = Release|Any CPU
		{DE4CEB36-482B-4835-840A-A583C2A6F27A}.Release|x64.ActiveCfg = Release|Any CPU
		{DE4CEB36-482B-4835-840A-A583C2A6F27A}.Release|x64.Build.0 = Release|Any CPU
		{DE4CEB36-482B-4835-840A-A583C2A6F27A}.Release|x86.ActiveCfg = Release|Any CPU
		{DE4CEB36-482B-4835-840A-A583C2A6F27A}.Release|x86.Build.0 = Release|Any CPU
		{4B2733B4-3845-4097-9C5C-623E9792F626}.Debug|Any CPU.ActiveCfg = Debug|Any CPU
		{4B2733B4-3845-4097-9C5C-623E9792F626}.Debug|Any CPU.Build.0 = Debug|Any CPU
		{4B2733B4-3845-4097-9C5C-623E9792F626}.Debug|x64.ActiveCfg = Debug|Any CPU
		{4B2733B4-3845-4097-9C5C-623E9792F626}.Debug|x64.Build.0 = Debug|Any CPU
		{4B2733B4-3845-4097-9C5C-623E9792F626}.Debug|x86.ActiveCfg = Debug|Any CPU
		{4B2733B4-3845-4097-9C5C-623E9792F626}.Debug|x86.Build.0 = Debug|Any CPU
		{4B2733B4-3845-4097-9C5C-623E9792F626}.Release|Any CPU.ActiveCfg = Release|Any CPU
		{4B2733B4-3845-4097-9C5C-623E9792F626}.Release|Any CPU.Build.0 = Release|Any CPU
		{4B2733B4-3845-4097-9C5C-623E9792F626}.Release|x64.ActiveCfg = Release|Any CPU
		{4B2733B4-3845-4097-9C5C-623E9792F626}.Release|x64.Build.0 = Release|Any CPU
		{4B2733B4-3845-4097-9C5C-623E9792F626}.Release|x86.ActiveCfg = Release|Any CPU
		{4B2733B4-3845-4097-9C5C-623E9792F626}.Release|x86.Build.0 = Release|Any CPU
		{C17B8594-4977-4524-BDA2-CED54C43A112}.Debug|Any CPU.ActiveCfg = Debug|Any CPU
		{C17B8594-4977-4524-BDA2-CED54C43A112}.Debug|Any CPU.Build.0 = Debug|Any CPU
		{C17B8594-4977-4524-BDA2-CED54C43A112}.Debug|x64.ActiveCfg = Debug|Any CPU
		{C17B8594-4977-4524-BDA2-CED54C43A112}.Debug|x64.Build.0 = Debug|Any CPU
		{C17B8594-4977-4524-BDA2-CED54C43A112}.Debug|x86.ActiveCfg = Debug|Any CPU
		{C17B8594-4977-4524-BDA2-CED54C43A112}.Debug|x86.Build.0 = Debug|Any CPU
		{C17B8594-4977-4524-BDA2-CED54C43A112}.Release|Any CPU.ActiveCfg = Release|Any CPU
		{C17B8594-4977-4524-BDA2-CED54C43A112}.Release|Any CPU.Build.0 = Release|Any CPU
		{C17B8594-4977-4524-BDA2-CED54C43A112}.Release|x64.ActiveCfg = Release|Any CPU
		{C17B8594-4977-4524-BDA2-CED54C43A112}.Release|x64.Build.0 = Release|Any CPU
		{C17B8594-4977-4524-BDA2-CED54C43A112}.Release|x86.ActiveCfg = Release|Any CPU
		{C17B8594-4977-4524-BDA2-CED54C43A112}.Release|x86.Build.0 = Release|Any CPU
		{ABBD3FA4-01BE-4CAC-86C0-B0120B80B59C}.Debug|Any CPU.ActiveCfg = Debug|Any CPU
		{ABBD3FA4-01BE-4CAC-86C0-B0120B80B59C}.Debug|Any CPU.Build.0 = Debug|Any CPU
		{ABBD3FA4-01BE-4CAC-86C0-B0120B80B59C}.Debug|x64.ActiveCfg = Debug|Any CPU
		{ABBD3FA4-01BE-4CAC-86C0-B0120B80B59C}.Debug|x64.Build.0 = Debug|Any CPU
		{ABBD3FA4-01BE-4CAC-86C0-B0120B80B59C}.Debug|x86.ActiveCfg = Debug|Any CPU
		{ABBD3FA4-01BE-4CAC-86C0-B0120B80B59C}.Debug|x86.Build.0 = Debug|Any CPU
		{ABBD3FA4-01BE-4CAC-86C0-B0120B80B59C}.Release|Any CPU.ActiveCfg = Release|Any CPU
		{ABBD3FA4-01BE-4CAC-86C0-B0120B80B59C}.Release|Any CPU.Build.0 = Release|Any CPU
		{ABBD3FA4-01BE-4CAC-86C0-B0120B80B59C}.Release|x64.ActiveCfg = Release|Any CPU
		{ABBD3FA4-01BE-4CAC-86C0-B0120B80B59C}.Release|x64.Build.0 = Release|Any CPU
		{ABBD3FA4-01BE-4CAC-86C0-B0120B80B59C}.Release|x86.ActiveCfg = Release|Any CPU
		{ABBD3FA4-01BE-4CAC-86C0-B0120B80B59C}.Release|x86.Build.0 = Release|Any CPU
		{C8A3A256-0439-445B-B039-D0C1BDCA64C5}.Debug|Any CPU.ActiveCfg = Debug|Any CPU
		{C8A3A256-0439-445B-B039-D0C1BDCA64C5}.Debug|Any CPU.Build.0 = Debug|Any CPU
		{C8A3A256-0439-445B-B039-D0C1BDCA64C5}.Debug|x64.ActiveCfg = Debug|Any CPU
		{C8A3A256-0439-445B-B039-D0C1BDCA64C5}.Debug|x64.Build.0 = Debug|Any CPU
		{C8A3A256-0439-445B-B039-D0C1BDCA64C5}.Debug|x86.ActiveCfg = Debug|Any CPU
		{C8A3A256-0439-445B-B039-D0C1BDCA64C5}.Debug|x86.Build.0 = Debug|Any CPU
		{C8A3A256-0439-445B-B039-D0C1BDCA64C5}.Release|Any CPU.ActiveCfg = Release|Any CPU
		{C8A3A256-0439-445B-B039-D0C1BDCA64C5}.Release|Any CPU.Build.0 = Release|Any CPU
		{C8A3A256-0439-445B-B039-D0C1BDCA64C5}.Release|x64.ActiveCfg = Release|Any CPU
		{C8A3A256-0439-445B-B039-D0C1BDCA64C5}.Release|x64.Build.0 = Release|Any CPU
		{C8A3A256-0439-445B-B039-D0C1BDCA64C5}.Release|x86.ActiveCfg = Release|Any CPU
		{C8A3A256-0439-445B-B039-D0C1BDCA64C5}.Release|x86.Build.0 = Release|Any CPU
		{ED086F54-5E68-42E8-B837-6BE92C28184B}.Debug|Any CPU.ActiveCfg = Debug|Any CPU
		{ED086F54-5E68-42E8-B837-6BE92C28184B}.Debug|Any CPU.Build.0 = Debug|Any CPU
		{ED086F54-5E68-42E8-B837-6BE92C28184B}.Debug|x64.ActiveCfg = Debug|Any CPU
		{ED086F54-5E68-42E8-B837-6BE92C28184B}.Debug|x64.Build.0 = Debug|Any CPU
		{ED086F54-5E68-42E8-B837-6BE92C28184B}.Debug|x86.ActiveCfg = Debug|Any CPU
		{ED086F54-5E68-42E8-B837-6BE92C28184B}.Debug|x86.Build.0 = Debug|Any CPU
		{ED086F54-5E68-42E8-B837-6BE92C28184B}.Release|Any CPU.ActiveCfg = Release|Any CPU
		{ED086F54-5E68-42E8-B837-6BE92C28184B}.Release|Any CPU.Build.0 = Release|Any CPU
		{ED086F54-5E68-42E8-B837-6BE92C28184B}.Release|x64.ActiveCfg = Release|Any CPU
		{ED086F54-5E68-42E8-B837-6BE92C28184B}.Release|x64.Build.0 = Release|Any CPU
		{ED086F54-5E68-42E8-B837-6BE92C28184B}.Release|x86.ActiveCfg = Release|Any CPU
		{ED086F54-5E68-42E8-B837-6BE92C28184B}.Release|x86.Build.0 = Release|Any CPU
		{39F8F414-5D56-4F90-A51B-E4AAE2E04FCC}.Debug|Any CPU.ActiveCfg = Debug|Any CPU
		{39F8F414-5D56-4F90-A51B-E4AAE2E04FCC}.Debug|Any CPU.Build.0 = Debug|Any CPU
		{39F8F414-5D56-4F90-A51B-E4AAE2E04FCC}.Debug|x64.ActiveCfg = Debug|Any CPU
		{39F8F414-5D56-4F90-A51B-E4AAE2E04FCC}.Debug|x64.Build.0 = Debug|Any CPU
		{39F8F414-5D56-4F90-A51B-E4AAE2E04FCC}.Debug|x86.ActiveCfg = Debug|Any CPU
		{39F8F414-5D56-4F90-A51B-E4AAE2E04FCC}.Debug|x86.Build.0 = Debug|Any CPU
		{39F8F414-5D56-4F90-A51B-E4AAE2E04FCC}.Release|Any CPU.ActiveCfg = Release|Any CPU
		{39F8F414-5D56-4F90-A51B-E4AAE2E04FCC}.Release|Any CPU.Build.0 = Release|Any CPU
		{39F8F414-5D56-4F90-A51B-E4AAE2E04FCC}.Release|x64.ActiveCfg = Release|Any CPU
		{39F8F414-5D56-4F90-A51B-E4AAE2E04FCC}.Release|x64.Build.0 = Release|Any CPU
		{39F8F414-5D56-4F90-A51B-E4AAE2E04FCC}.Release|x86.ActiveCfg = Release|Any CPU
		{39F8F414-5D56-4F90-A51B-E4AAE2E04FCC}.Release|x86.Build.0 = Release|Any CPU
	EndGlobalSection
EndGlobal
